Microsoft Visual Studio Solution File, Format Version 12.00
# Visual Studio Version 16
VisualStudioVersion = 16.0.0.0
MinimumVisualStudioVersion = 16.0.0.0
Project("{9A19103F-16F7-4668-BE54-9A1E7A4F7556}") = "Server", "src\Server\Server.csproj", "{0AE59F88-0ADC-458D-AD8B-9A114E579C3C}"
EndProject
Project("{9A19103F-16F7-4668-BE54-9A1E7A4F7556}") = "Client", "src\Client\Client.csproj", "{CF793863-F860-4304-97DA-42AB2A158E88}"
EndProject
Project("{9A19103F-16F7-4668-BE54-9A1E7A4F7556}") = "Shared", "src\Shared\Shared.csproj", "{EEC93E10-0B91-442D-BCDF-79DA86BFFFA6}"
EndProject
Project("{2150E333-8FDC-42A3-9474-1A3956D46DE8}") = "src", "src", "{F2FF3A60-1315-4C40-BEBF-F0F1193ABCFE}"
EndProject
Project("{2150E333-8FDC-42A3-9474-1A3956D46DE8}") = "tests", "tests", "{E9099085-157A-46B7-B7F8-B9F9C6D0C412}"
EndProject
Project("{2150E333-8FDC-42A3-9474-1A3956D46DE8}") = "Solution Items", "Solution Items", "{E13D4BE1-AA08-4ABE-AC5A-ED745B75FBD8}"
	ProjectSection(SolutionItems) = preProject
		.editorconfig = .editorconfig
	EndProjectSection
EndProject
Project("{FAE04EC0-301F-11D3-BF4B-00C04F79EFBC}") = "DatabaseMigration", "src\DatabaseMigration\DatabaseMigration.csproj", "{09AF5BA6-D203-4D7A-ACA1-93EA6AB1EF47}"
EndProject
Project("{FAE04EC0-301F-11D3-BF4B-00C04F79EFBC}") = "ServiceDefaults", "src\ServiceDefaults\ServiceDefaults.csproj", "{8B5D7174-CEEB-497C-A2E2-41B1B735BE20}"
EndProject
Project("{FAE04EC0-301F-11D3-BF4B-00C04F79EFBC}") = "AppHost", "src\AppHost\AppHost.csproj", "{B0EF3879-E453-4B50-BA46-BF103DF3F21B}"
EndProject
Project("{FAE04EC0-301F-11D3-BF4B-00C04F79EFBC}") = "Unittests", "tests\Unittests\Unittests.csproj", "{8AEC15A4-B609-4DBD-A93B-419999292BD6}"
EndProject
Global
	GlobalSection(SolutionConfigurationPlatforms) = preSolution
		Debug|Any CPU = Debug|Any CPU
		Debug|x64 = Debug|x64
		Debug|x86 = Debug|x86
		Release|Any CPU = Release|Any CPU
		Release|x64 = Release|x64
		Release|x86 = Release|x86
	EndGlobalSection
	GlobalSection(ProjectConfigurationPlatforms) = postSolution
		{CF793863-F860-4304-97DA-42AB2A158E88}.Debug|Any CPU.ActiveCfg = Debug|Any CPU
		{CF793863-F860-4304-97DA-42AB2A158E88}.Debug|Any CPU.Build.0 = Debug|Any CPU
		{CF793863-F860-4304-97DA-42AB2A158E88}.Debug|x64.ActiveCfg = Debug|Any CPU
		{CF793863-F860-4304-97DA-42AB2A158E88}.Debug|x64.Build.0 = Debug|Any CPU
		{CF793863-F860-4304-97DA-42AB2A158E88}.Debug|x86.ActiveCfg = Debug|Any CPU
		{CF793863-F860-4304-97DA-42AB2A158E88}.Debug|x86.Build.0 = Debug|Any CPU
		{CF793863-F860-4304-97DA-42AB2A158E88}.Release|Any CPU.ActiveCfg = Release|Any CPU
		{CF793863-F860-4304-97DA-42AB2A158E88}.Release|Any CPU.Build.0 = Release|Any CPU
		{CF793863-F860-4304-97DA-42AB2A158E88}.Release|x64.ActiveCfg = Release|Any CPU
		{CF793863-F860-4304-97DA-42AB2A158E88}.Release|x64.Build.0 = Release|Any CPU
		{CF793863-F860-4304-97DA-42AB2A158E88}.Release|x86.ActiveCfg = Release|Any CPU
		{CF793863-F860-4304-97DA-42AB2A158E88}.Release|x86.Build.0 = Release|Any CPU
		{0AE59F88-0ADC-458D-AD8B-9A114E579C3C}.Debug|Any CPU.ActiveCfg = Debug|Any CPU
		{0AE59F88-0ADC-458D-AD8B-9A114E579C3C}.Debug|Any CPU.Build.0 = Debug|Any CPU
		{0AE59F88-0ADC-458D-AD8B-9A114E579C3C}.Debug|x64.ActiveCfg = Debug|Any CPU
		{0AE59F88-0ADC-458D-AD8B-9A114E579C3C}.Debug|x64.Build.0 = Debug|Any CPU
		{0AE59F88-0ADC-458D-AD8B-9A114E579C3C}.Debug|x86.ActiveCfg = Debug|Any CPU
		{0AE59F88-0ADC-458D-AD8B-9A114E579C3C}.Debug|x86.Build.0 = Debug|Any CPU
		{0AE59F88-0ADC-458D-AD8B-9A114E579C3C}.Release|Any CPU.ActiveCfg = Release|Any CPU
		{0AE59F88-0ADC-458D-AD8B-9A114E579C3C}.Release|Any CPU.Build.0 = Release|Any CPU
		{0AE59F88-0ADC-458D-AD8B-9A114E579C3C}.Release|x64.ActiveCfg = Release|Any CPU
		{0AE59F88-0ADC-458D-AD8B-9A114E579C3C}.Release|x64.Build.0 = Release|Any CPU
		{0AE59F88-0ADC-458D-AD8B-9A114E579C3C}.Release|x86.ActiveCfg = Release|Any CPU
		{0AE59F88-0ADC-458D-AD8B-9A114E579C3C}.Release|x86.Build.0 = Release|Any CPU
		{EEC93E10-0B91-442D-BCDF-79DA86BFFFA6}.Debug|Any CPU.ActiveCfg = Debug|Any CPU
		{EEC93E10-0B91-442D-BCDF-79DA86BFFFA6}.Debug|Any CPU.Build.0 = Debug|Any CPU
		{EEC93E10-0B91-442D-BCDF-79DA86BFFFA6}.Debug|x64.ActiveCfg = Debug|Any CPU
		{EEC93E10-0B91-442D-BCDF-79DA86BFFFA6}.Debug|x64.Build.0 = Debug|Any CPU
		{EEC93E10-0B91-442D-BCDF-79DA86BFFFA6}.Debug|x86.ActiveCfg = Debug|Any CPU
		{EEC93E10-0B91-442D-BCDF-79DA86BFFFA6}.Debug|x86.Build.0 = Debug|Any CPU
		{EEC93E10-0B91-442D-BCDF-79DA86BFFFA6}.Release|Any CPU.ActiveCfg = Release|Any CPU
		{EEC93E10-0B91-442D-BCDF-79DA86BFFFA6}.Release|Any CPU.Build.0 = Release|Any CPU
		{EEC93E10-0B91-442D-BCDF-79DA86BFFFA6}.Release|x64.ActiveCfg = Release|Any CPU
		{EEC93E10-0B91-442D-BCDF-79DA86BFFFA6}.Release|x64.Build.0 = Release|Any CPU
		{EEC93E10-0B91-442D-BCDF-79DA86BFFFA6}.Release|x86.ActiveCfg = Release|Any CPU
		{EEC93E10-0B91-442D-BCDF-79DA86BFFFA6}.Release|x86.Build.0 = Release|Any CPU
		{09AF5BA6-D203-4D7A-ACA1-93EA6AB1EF47}.Debug|Any CPU.ActiveCfg = Debug|Any CPU
		{09AF5BA6-D203-4D7A-ACA1-93EA6AB1EF47}.Debug|Any CPU.Build.0 = Debug|Any CPU
		{09AF5BA6-D203-4D7A-ACA1-93EA6AB1EF47}.Debug|x64.ActiveCfg = Debug|Any CPU
		{09AF5BA6-D203-4D7A-ACA1-93EA6AB1EF47}.Debug|x64.Build.0 = Debug|Any CPU
		{09AF5BA6-D203-4D7A-ACA1-93EA6AB1EF47}.Debug|x86.ActiveCfg = Debug|Any CPU
		{09AF5BA6-D203-4D7A-ACA1-93EA6AB1EF47}.Debug|x86.Build.0 = Debug|Any CPU
		{09AF5BA6-D203-4D7A-ACA1-93EA6AB1EF47}.Release|Any CPU.ActiveCfg = Release|Any CPU
		{09AF5BA6-D203-4D7A-ACA1-93EA6AB1EF47}.Release|Any CPU.Build.0 = Release|Any CPU
		{09AF5BA6-D203-4D7A-ACA1-93EA6AB1EF47}.Release|x64.ActiveCfg = Release|Any CPU
		{09AF5BA6-D203-4D7A-ACA1-93EA6AB1EF47}.Release|x64.Build.0 = Release|Any CPU
		{09AF5BA6-D203-4D7A-ACA1-93EA6AB1EF47}.Release|x86.ActiveCfg = Release|Any CPU
		{09AF5BA6-D203-4D7A-ACA1-93EA6AB1EF47}.Release|x86.Build.0 = Release|Any CPU
		{8B5D7174-CEEB-497C-A2E2-41B1B735BE20}.Debug|Any CPU.ActiveCfg = Debug|Any CPU
		{8B5D7174-CEEB-497C-A2E2-41B1B735BE20}.Debug|Any CPU.Build.0 = Debug|Any CPU
		{8B5D7174-CEEB-497C-A2E2-41B1B735BE20}.Debug|x64.ActiveCfg = Debug|Any CPU
		{8B5D7174-CEEB-497C-A2E2-41B1B735BE20}.Debug|x64.Build.0 = Debug|Any CPU
		{8B5D7174-CEEB-497C-A2E2-41B1B735BE20}.Debug|x86.ActiveCfg = Debug|Any CPU
		{8B5D7174-CEEB-497C-A2E2-41B1B735BE20}.Debug|x86.Build.0 = Debug|Any CPU
		{8B5D7174-CEEB-497C-A2E2-41B1B735BE20}.Release|Any CPU.ActiveCfg = Release|Any CPU
		{8B5D7174-CEEB-497C-A2E2-41B1B735BE20}.Release|Any CPU.Build.0 = Release|Any CPU
		{8B5D7174-CEEB-497C-A2E2-41B1B735BE20}.Release|x64.ActiveCfg = Release|Any CPU
		{8B5D7174-CEEB-497C-A2E2-41B1B735BE20}.Release|x64.Build.0 = Release|Any CPU
		{8B5D7174-CEEB-497C-A2E2-41B1B735BE20}.Release|x86.ActiveCfg = Release|Any CPU
		{8B5D7174-CEEB-497C-A2E2-41B1B735BE20}.Release|x86.Build.0 = Release|Any CPU
		{B0EF3879-E453-4B50-BA46-BF103DF3F21B}.Debug|Any CPU.ActiveCfg = Debug|Any CPU
		{B0EF3879-E453-4B50-BA46-BF103DF3F21B}.Debug|Any CPU.Build.0 = Debug|Any CPU
		{B0EF3879-E453-4B50-BA46-BF103DF3F21B}.Debug|x64.ActiveCfg = Debug|Any CPU
		{B0EF3879-E453-4B50-BA46-BF103DF3F21B}.Debug|x64.Build.0 = Debug|Any CPU
		{B0EF3879-E453-4B50-BA46-BF103DF3F21B}.Debug|x86.ActiveCfg = Debug|Any CPU
		{B0EF3879-E453-4B50-BA46-BF103DF3F21B}.Debug|x86.Build.0 = Debug|Any CPU
		{B0EF3879-E453-4B50-BA46-BF103DF3F21B}.Release|Any CPU.ActiveCfg = Release|Any CPU
		{B0EF3879-E453-4B50-BA46-BF103DF3F21B}.Release|Any CPU.Build.0 = Release|Any CPU
		{B0EF3879-E453-4B50-BA46-BF103DF3F21B}.Release|x64.ActiveCfg = Release|Any CPU
		{B0EF3879-E453-4B50-BA46-BF103DF3F21B}.Release|x64.Build.0 = Release|Any CPU
		{B0EF3879-E453-4B50-BA46-BF103DF3F21B}.Release|x86.ActiveCfg = Release|Any CPU
		{B0EF3879-E453-4B50-BA46-BF103DF3F21B}.Release|x86.Build.0 = Release|Any CPU
		{8AEC15A4-B609-4DBD-A93B-419999292BD6}.Debug|Any CPU.ActiveCfg = Debug|Any CPU
		{8AEC15A4-B609-4DBD-A93B-419999292BD6}.Debug|Any CPU.Build.0 = Debug|Any CPU
		{8AEC15A4-B609-4DBD-A93B-419999292BD6}.Debug|x64.ActiveCfg = Debug|Any CPU
		{8AEC15A4-B609-4DBD-A93B-419999292BD6}.Debug|x64.Build.0 = Debug|Any CPU
		{8AEC15A4-B609-4DBD-A93B-419999292BD6}.Debug|x86.ActiveCfg = Debug|Any CPU
		{8AEC15A4-B609-4DBD-A93B-419999292BD6}.Debug|x86.Build.0 = Debug|Any CPU
		{8AEC15A4-B609-4DBD-A93B-419999292BD6}.Release|Any CPU.ActiveCfg = Release|Any CPU
		{8AEC15A4-B609-4DBD-A93B-419999292BD6}.Release|Any CPU.Build.0 = Release|Any CPU
		{8AEC15A4-B609-4DBD-A93B-419999292BD6}.Release|x64.ActiveCfg = Release|Any CPU
		{8AEC15A4-B609-4DBD-A93B-419999292BD6}.Release|x64.Build.0 = Release|Any CPU
		{8AEC15A4-B609-4DBD-A93B-419999292BD6}.Release|x86.ActiveCfg = Release|Any CPU
		{8AEC15A4-B609-4DBD-A93B-419999292BD6}.Release|x86.Build.0 = Release|Any CPU
	EndGlobalSection
	GlobalSection(SolutionProperties) = preSolution
		HideSolutionNode = FALSE
	EndGlobalSection
	GlobalSection(ExtensibilityGlobals) = postSolution
		SolutionGuid = {54336EFE-B44F-4C43-B9BF-032E7DABEBC4}
	EndGlobalSection
	GlobalSection(NestedProjects) = preSolution
		{CF793863-F860-4304-97DA-42AB2A158E88} = {F2FF3A60-1315-4C40-BEBF-F0F1193ABCFE}
		{0AE59F88-0ADC-458D-AD8B-9A114E579C3C} = {F2FF3A60-1315-4C40-BEBF-F0F1193ABCFE}
		{EEC93E10-0B91-442D-BCDF-79DA86BFFFA6} = {F2FF3A60-1315-4C40-BEBF-F0F1193ABCFE}
		{09AF5BA6-D203-4D7A-ACA1-93EA6AB1EF47} = {F2FF3A60-1315-4C40-BEBF-F0F1193ABCFE}
		{8B5D7174-CEEB-497C-A2E2-41B1B735BE20} = {F2FF3A60-1315-4C40-BEBF-F0F1193ABCFE}
		{B0EF3879-E453-4B50-BA46-BF103DF3F21B} = {F2FF3A60-1315-4C40-BEBF-F0F1193ABCFE}
		{8AEC15A4-B609-4DBD-A93B-419999292BD6} = {E9099085-157A-46B7-B7F8-B9F9C6D0C412}
	EndGlobalSection
EndGlobal
